
Microsoft Visual Studio Solution File, Format Version 12.00
# Visual Studio 15
VisualStudioVersion = 15.0.28307.421
MinimumVisualStudioVersion = 10.0.40219.1
Project("{F184B08F-C81C-45F6-A57F-5ABD9991F28F}") = "G1_1.3", "G1_1.3\G1_1.3.vbproj", "{9ED72F56-3E06-4A1C-B5DF-4F90C8F65448}"
EndProject
Global
	GlobalSection(SolutionConfigurationPlatforms) = preSolution
		Debug|Any CPU = Debug|Any CPU
		Release|Any CPU = Release|Any CPU
	EndGlobalSection
	GlobalSection(ProjectConfigurationPlatforms) = postSolution
		{9ED72F56-3E06-4A1C-B5DF-4F90C8F65448}.Debug|Any CPU.ActiveCfg = Debug|Any CPU
		{9ED72F56-3E06-4A1C-B5DF-4F90C8F65448}.Debug|Any CPU.Build.0 = Debug|Any CPU
		{9ED72F56-3E06-4A1C-B5DF-4F90C8F65448}.Release|Any CPU.ActiveCfg = Release|Any CPU
		{9ED72F56-3E06-4A1C-B5DF-4F90C8F65448}.Release|Any CPU.Build.0 = Release|Any CPU
	EndGlobalSection
	GlobalSection(SolutionProperties) = preSolution
		HideSolutionNode = FALSE
	EndGlobalSection
	GlobalSection(ExtensibilityGlobals) = postSolution
		SolutionGuid = {E70AA1AA-6597-4C94-A34D-ECF72EA30F19}
	EndGlobalSection
EndGlobal
